{
  "pins" : [
    {
      "identity" : "any",
      "kind" : "remoteSourceControl",
      "location" : "https://github.com/el-machine/Any.git",
      "state" : {
        "revision" : "ba94ebd40a70c5d6d058ae25f3b7cacb810dfec4",
        "version" : "1.0.1"
      }
    },
    {
      "identity" : "wand",
      "kind" : "remoteSourceControl",
      "location" : "https://github.com/el-machine/Wand.git",
      "state" : {
        "revision" : "835a9ba87588686ffd2e9d1078d4a0930e0b0cae",
        "version" : "1.4.7"
      }
    },
    {
      "identity" : "wand_corelocation",
      "kind" : "remoteSourceControl",
      "location" : "https://github.com/el-machine/Wand_CoreLocation.git",
      "state" : {
        "revision" : "a66b4a182d2248d265e7c104f19ee81cb208f660",
        "version" : "1.4.4"
      }
    },
    {
      "identity" : "wandurl",
      "kind" : "remoteSourceControl",
      "location" : "https://github.com/el-machine/WandURL.git",
      "state" : {
        "revision" : "aa4e9876dfdf08b85f104d1d6ffe31dccbbd16a5",
        "version" : "1.4.2"
      }
    }
  ],
  "version" : 2
}
