{
  "originHash" : "d35312cc1658388e9f36632f19ad545e8a6f85c2780feb0777173528a5f57fb3",
  "pins" : [
    {
      "identity" : "any",
      "kind" : "remoteSourceControl",
      "location" : "https://github.com/el-machine/Any",
      "state" : {
        "revision" : "ba94ebd40a70c5d6d058ae25f3b7cacb810dfec4",
        "version" : "1.0.1"
      }
    },
    {
      "identity" : "wand",
      "kind" : "remoteSourceControl",
      "location" : "https://github.com/el-machine/Wand.git",
      "state" : {
        "revision" : "81cc53fd7224f46ddefdef73e74798f7378d0b25",
        "version" : "1.4.0"
      }
    },
    {
      "identity" : "wand_corelocation",
      "kind" : "remoteSourceControl",
      "location" : "https://github.com/el-machine/Wand_CoreLocation.git",
      "state" : {
        "revision" : "f59368fb839d0c24d8661eb54e6b192ba5dd22a8",
        "version" : "1.0.3"
      }
    },
    {
      "identity" : "wandurl",
      "kind" : "remoteSourceControl",
      "location" : "https://github.com/el-machine/WandURL.git",
      "state" : {
        "revision" : "ba122a73d2bcea5eb9afe0f79818bbda4945d13d",
        "version" : "1.4.0"
      }
    }
  ],
  "version" : 3
}
