{
  "originHash" : "f0432668d0f2c1ad5d5010308ffb243fa81a48c621dd9ba5b74c1b9bd2968a5d",
  "pins" : [
    {
      "identity" : "any",
      "kind" : "remoteSourceControl",
      "location" : "https://github.com/el-machine/Any.git",
      "state" : {
        "revision" : "ba94ebd40a70c5d6d058ae25f3b7cacb810dfec4",
        "version" : "1.0.1"
      }
    },
    {
      "identity" : "wand",
      "kind" : "remoteSourceControl",
      "location" : "https://github.com/el-machine/Wand.git",
      "state" : {
        "revision" : "409d91c31ae04765dcf314cf74a2058946827bfd",
        "version" : "1.5.5"
      }
    },
    {
      "identity" : "wand_corelocation",
      "kind" : "remoteSourceControl",
      "location" : "https://github.com/el-machine/Wand_CoreLocation.git",
      "state" : {
        "revision" : "a66b4a182d2248d265e7c104f19ee81cb208f660",
        "version" : "1.4.4"
      }
    },
    {
      "identity" : "wandurl",
      "kind" : "remoteSourceControl",
      "location" : "https://github.com/el-machine/WandURL.git",
      "state" : {
        "revision" : "5b012c40c2a72382dc9149b4a04460993c4163b6",
        "version" : "1.4.5"
      }
    }
  ],
  "version" : 3
}
