{
  "originHash" : "f0432668d0f2c1ad5d5010308ffb243fa81a48c621dd9ba5b74c1b9bd2968a5d",
  "pins" : [
    {
      "identity" : "any",
      "kind" : "remoteSourceControl",
      "location" : "https://github.com/el-machine/Any.git",
      "state" : {
        "revision" : "ba94ebd40a70c5d6d058ae25f3b7cacb810dfec4",
        "version" : "1.0.1"
      }
    },
    {
      "identity" : "location",
      "kind" : "remoteSourceControl",
      "location" : "https://github.com/the-wand/Location.git",
      "state" : {
        "revision" : "669bd32da84d2b58eca7cdb6d6c6169293170f60",
        "version" : "3.0.5"
      }
    },
    {
      "identity" : "url",
      "kind" : "remoteSourceControl",
      "location" : "https://github.com/the-wand/URL.git",
      "state" : {
        "revision" : "5b26934fe78254ed86f90206bc252f245580426f",
        "version" : "3.0.5"
      }
    },
    {
      "identity" : "wand",
      "kind" : "remoteSourceControl",
      "location" : "https://github.com/the-wand/Wand.git",
      "state" : {
        "revision" : "a132182b3ebe58d71fdeaab119a4a8e68805a6a4",
        "version" : "3.0.5"
      }
    }
  ],
  "version" : 3
}
